// !$*UTF8*$!
{
	archiveVersion = 1;
	classes = {
	};
	objectVersion = 56;
	objects = {

/* Begin PBXBuildFile section */
		6683098C2ACFFB8C001AC050 /* Demo_TODOApp.swift in Sources */ = {isa = PBXBuildFile; fileRef = 6683098B2ACFFB8C001AC050 /* Demo_TODOApp.swift */; };
		6683098E2ACFFB8C001AC050 /* ContentView.swift in Sources */ = {isa = PBXBuildFile; fileRef = 6683098D2ACFFB8C001AC050 /* ContentView.swift */; };
		668309902ACFFB8C001AC050 /* Item.swift in Sources */ = {isa = PBXBuildFile; fileRef = 6683098F2ACFFB8C001AC050 /* Item.swift */; };
		668309922ACFFB8E001AC050 /* Assets.xcassets in Resources */ = {isa = PBXBuildFile; fileRef = 668309912ACFFB8E001AC050 /* Assets.xcassets */; };
		668309952ACFFB8E001AC050 /* Preview Assets.xcassets in Resources */ = {isa = PBXBuildFile; fileRef = 668309942ACFFB8E001AC050 /* Preview Assets.xcassets */; };
		6683099F2ACFFB8E001AC050 /* Demo_TODOTests.swift in Sources */ = {isa = PBXBuildFile; fileRef = 6683099E2ACFFB8E001AC050 /* Demo_TODOTests.swift */; };
		668309A92ACFFB8E001AC050 /* Demo_TODOUITests.swift in Sources */ = {isa = PBXBuildFile; fileRef = 668309A82ACFFB8E001AC050 /* Demo_TODOUITests.swift */; };
		668309AB2ACFFB8E001AC050 /* Demo_TODOUITestsLaunchTests.swift in Sources */ = {isa = PBXBuildFile; fileRef = 668309AA2ACFFB8E001AC050 /* Demo_TODOUITestsLaunchTests.swift */; };
/* End PBXBuildFile section */

/* Begin PBXContainerItemProxy section */
		6683099B2ACFFB8E001AC050 /* PBXContainerItemProxy */ = {
			isa = PBXContainerItemProxy;
			containerPortal = 668309802ACFFB8C001AC050 /* Project object */;
			proxyType = 1;
			remoteGlobalIDString = 668309872ACFFB8C001AC050;
			remoteInfo = Demo_TODO;
		};
		668309A52ACFFB8E001AC050 /* PBXContainerItemProxy */ = {
			isa = PBXContainerItemProxy;
			containerPortal = 668309802ACFFB8C001AC050 /* Project object */;
			proxyType = 1;
			remoteGlobalIDString = 668309872ACFFB8C001AC050;
			remoteInfo = Demo_TODO;
		};
/* End PBXContainerItemProxy section */

/* Begin PBXFileReference section */
		668309882ACFFB8C001AC050 /* Demo_TODO.app */ = {isa = PBXFileReference; explicitFileType = wrapper.application; includeInIndex = 0; path = Demo_TODO.app; sourceTree = BUILT_PRODUCTS_DIR; };
		6683098B2ACFFB8C001AC050 /* Demo_TODOApp.swift */ = {isa = PBXFileReference; lastKnownFileType = sourcecode.swift; path = Demo_TODOApp.swift; sourceTree = "<group>"; };
		6683098D2ACFFB8C001AC050 /* ContentView.swift */ = {isa = PBXFileReference; lastKnownFileType = sourcecode.swift; path = ContentView.swift; sourceTree = "<group>"; };
		6683098F2ACFFB8C001AC050 /* Item.swift */ = {isa = PBXFileReference; lastKnownFileType = sourcecode.swift; path = Item.swift; sourceTree = "<group>"; };
		668309912ACFFB8E001AC050 /* Assets.xcassets */ = {isa = PBXFileReference; lastKnownFileType = folder.assetcatalog; path = Assets.xcassets; sourceTree = "<group>"; };
		668309942ACFFB8E001AC050 /* Preview Assets.xcassets */ = {isa = PBXFileReference; lastKnownFileType = folder.assetcatalog; path = "Preview Assets.xcassets"; sourceTree = "<group>"; };
		6683099A2ACFFB8E001AC050 /* Demo_TODOTests.xctest */ = {isa = PBXFileReference; explicitFileType = wrapper.cfbundle; includeInIndex = 0; path = Demo_TODOTests.xctest; sourceTree = BUILT_PRODUCTS_DIR; };
		6683099E2ACFFB8E001AC050 /* Demo_TODOTests.swift */ = {isa = PBXFileReference; lastKnownFileType = sourcecode.swift; path = Demo_TODOTests.swift; sourceTree = "<group>"; };
		668309A42ACFFB8E001AC050 /* Demo_TODOUITests.xctest */ = {isa = PBXFileReference; explicitFileType = wrapper.cfbundle; includeInIndex = 0; path = Demo_TODOUITests.xctest; sourceTree = BUILT_PRODUCTS_DIR; };
		668309A82ACFFB8E001AC050 /* Demo_TODOUITests.swift */ = {isa = PBXFileReference; lastKnownFileType = sourcecode.swift; path = Demo_TODOUITests.swift; sourceTree = "<group>"; };
		668309AA2ACFFB8E001AC050 /* Demo_TODOUITestsLaunchTests.swift */ = {isa = PBXFileReference; lastKnownFileType = sourcecode.swift; path = Demo_TODOUITestsLaunchTests.swift; sourceTree = "<group>"; };
/* End PBXFileReference section */

/* Begin PBXFrameworksBuildPhase section */
		668309852ACFFB8C001AC050 /* Frameworks */ = {
			isa = PBXFrameworksBuildPhase;
			buildActionMask = 2147483647;
			files = (
			);
			runOnlyForDeploymentPostprocessing = 0;
		};
		668309972ACFFB8E001AC050 /* Frameworks */ = {
			isa = PBXFrameworksBuildPhase;
			buildActionMask = 2147483647;
			files = (
			);
			runOnlyForDeploymentPostprocessing = 0;
		};
		668309A12ACFFB8E001AC050 /* Frameworks */ = {
			isa = PBXFrameworksBuildPhase;
			buildActionMask = 2147483647;
			files = (
			);
			runOnlyForDeploymentPostprocessing = 0;
		};
/* End PBXFrameworksBuildPhase section */

/* Begin PBXGroup section */
		6683097F2ACFFB8C001AC050 = {
			isa = PBXGroup;
			children = (
				6683098A2ACFFB8C001AC050 /* Demo_TODO */,
				6683099D2ACFFB8E001AC050 /* Demo_TODOTests */,
				668309A72ACFFB8E001AC050 /* Demo_TODOUITests */,
				668309892ACFFB8C001AC050 /* Products */,
			);
			sourceTree = "<group>";
		};
		668309892ACFFB8C001AC050 /* Products */ = {
			isa = PBXGroup;
			children = (
				668309882ACFFB8C001AC050 /* Demo_TODO.app */,
				6683099A2ACFFB8E001AC050 /* Demo_TODOTests.xctest */,
				668309A42ACFFB8E001AC050 /* Demo_TODOUITests.xctest */,
			);
			name = Products;
			sourceTree = "<group>";
		};
		6683098A2ACFFB8C001AC050 /* Demo_TODO */ = {
			isa = PBXGroup;
			children = (
				6683098B2ACFFB8C001AC050 /* Demo_TODOApp.swift */,
				6683098D2ACFFB8C001AC050 /* ContentView.swift */,
				6683098F2ACFFB8C001AC050 /* Item.swift */,
				668309912ACFFB8E001AC050 /* Assets.xcassets */,
				668309932ACFFB8E001AC050 /* Preview Content */,
			);
			path = Demo_TODO;
			sourceTree = "<group>";
		};
		668309932ACFFB8E001AC050 /* Preview Content */ = {
			isa = PBXGroup;
			children = (
				668309942ACFFB8E001AC050 /* Preview Assets.xcassets */,
			);
			path = "Preview Content";
			sourceTree = "<group>";
		};
		6683099D2ACFFB8E001AC050 /* Demo_TODOTests */ = {
			isa = PBXGroup;
			children = (
				6683099E2ACFFB8E001AC050 /* Demo_TODOTests.swift */,
			);
			path = Demo_TODOTests;
			sourceTree = "<group>";
		};
		668309A72ACFFB8E001AC050 /* Demo_TODOUITests */ = {
			isa = PBXGroup;
			children = (
				668309A82ACFFB8E001AC050 /* Demo_TODOUITests.swift */,
				668309AA2ACFFB8E001AC050 /* Demo_TODOUITestsLaunchTests.swift */,
			);
			path = Demo_TODOUITests;
			sourceTree = "<group>";
		};
/* End PBXGroup section */

/* Begin PBXNativeTarget section */
		668309872ACFFB8C001AC050 /* Demo_TODO */ = {
			isa = PBXNativeTarget;
			buildConfigurationList = 668309AE2ACFFB8E001AC050 /* Build configuration list for PBXNativeTarget "Demo_TODO" */;
			buildPhases = (
				668309842ACFFB8C001AC050 /* Sources */,
				668309852ACFFB8C001AC050 /* Frameworks */,
				668309862ACFFB8C001AC050 /* Resources */,
			);
			buildRules = (
			);
			dependencies = (
			);
			name = Demo_TODO;
			productName = Demo_TODO;
			productReference = 668309882ACFFB8C001AC050 /* Demo_TODO.app */;
			productType = "com.apple.product-type.application";
		};
		668309992ACFFB8E001AC050 /* Demo_TODOTests */ = {
			isa = PBXNativeTarget;
			buildConfigurationList = 668309B12ACFFB8E001AC050 /* Build configuration list for PBXNativeTarget "Demo_TODOTests" */;
			buildPhases = (
				668309962ACFFB8E001AC050 /* Sources */,
				668309972ACFFB8E001AC050 /* Frameworks */,
				668309982ACFFB8E001AC050 /* Resources */,
			);
			buildRules = (
			);
			dependencies = (
				6683099C2ACFFB8E001AC050 /* PBXTargetDependency */,
			);
			name = Demo_TODOTests;
			productName = Demo_TODOTests;
			productReference = 6683099A2ACFFB8E001AC050 /* Demo_TODOTests.xctest */;
			productType = "com.apple.product-type.bundle.unit-test";
		};
		668309A32ACFFB8E001AC050 /* Demo_TODOUITests */ = {
			isa = PBXNativeTarget;
			buildConfigurationList = 668309B42ACFFB8E001AC050 /* Build configuration list for PBXNativeTarget "Demo_TODOUITests" */;
			buildPhases = (
				668309A02ACFFB8E001AC050 /* Sources */,
				668309A12ACFFB8E001AC050 /* Frameworks */,
				668309A22ACFFB8E001AC050 /* Resources */,
			);
			buildRules = (
			);
			dependencies = (
				668309A62ACFFB8E001AC050 /* PBXTargetDependency */,
			);
			name = Demo_TODOUITests;
			productName = Demo_TODOUITests;
			productReference = 668309A42ACFFB8E001AC050 /* Demo_TODOUITests.xctest */;
			productType = "com.apple.product-type.bundle.ui-testing";
		};
/* End PBXNativeTarget section */

/* Begin PBXProject section */
		668309802ACFFB8C001AC050 /* Project object */ = {
			isa = PBXProject;
			attributes = {
				BuildIndependentTargetsInParallel = 1;
				LastSwiftUpdateCheck = 1500;
				LastUpgradeCheck = 1500;
				TargetAttributes = {
					668309872ACFFB8C001AC050 = {
						CreatedOnToolsVersion = 15.0;
					};
					668309992ACFFB8E001AC050 = {
						CreatedOnToolsVersion = 15.0;
						TestTargetID = 668309872ACFFB8C001AC050;
					};
					668309A32ACFFB8E001AC050 = {
						CreatedOnToolsVersion = 15.0;
						TestTargetID = 668309872ACFFB8C001AC050;
					};
				};
			};
			buildConfigurationList = 668309832ACFFB8C001AC050 /* Build configuration list for PBXProject "Demo_TODO" */;
			compatibilityVersion = "Xcode 14.0";
			developmentRegion = en;
			hasScannedForEncodings = 0;
			knownRegions = (
				en,
				Base,
			);
			mainGroup = 6683097F2ACFFB8C001AC050;
			productRefGroup = 668309892ACFFB8C001AC050 /* Products */;
			projectDirPath = "";
			projectRoot = "";
			targets = (
				668309872ACFFB8C001AC050 /* Demo_TODO */,
				668309992ACFFB8E001AC050 /* Demo_TODOTests */,
				668309A32ACFFB8E001AC050 /* Demo_TODOUITests */,
			);
		};
/* End PBXProject section */

/* Begin PBXResourcesBuildPhase section */
		668309862ACFFB8C001AC050 /* Resources */ = {
			isa = PBXResourcesBuildPhase;
			buildActionMask = 2147483647;
			files = (
				668309952ACFFB8E001AC050 /* Preview Assets.xcassets in Resources */,
				668309922ACFFB8E001AC050 /* Assets.xcassets in Resources */,
			);
			runOnlyForDeploymentPostprocessing = 0;
		};
		668309982ACFFB8E001AC050 /* Resources */ = {
			isa = PBXResourcesBuildPhase;
			buildActionMask = 2147483647;
			files = (
			);
			runOnlyForDeploymentPostprocessing = 0;
		};
		668309A22ACFFB8E001AC050 /* Resources */ = {
			isa = PBXResourcesBuildPhase;
			buildActionMask = 2147483647;
			files = (
			);
			runOnlyForDeploymentPostprocessing = 0;
		};
/* End PBXResourcesBuildPhase section */

/* Begin PBXSourcesBuildPhase section */
		668309842ACFFB8C001AC050 /* Sources */ = {
			isa = PBXSourcesBuildPhase;
			buildActionMask = 2147483647;
			files = (
				6683098E2ACFFB8C001AC050 /* ContentView.swift in Sources */,
				668309902ACFFB8C001AC050 /* Item.swift in Sources */,
				6683098C2ACFFB8C001AC050 /* Demo_TODOApp.swift in Sources */,
			);
			runOnlyForDeploymentPostprocessing = 0;
		};
		668309962ACFFB8E001AC050 /* Sources */ = {
			isa = PBXSourcesBuildPhase;
			buildActionMask = 2147483647;
			files = (
				6683099F2ACFFB8E001AC050 /* Demo_TODOTests.swift in Sources */,
			);
			runOnlyForDeploymentPostprocessing = 0;
		};
		668309A02ACFFB8E001AC050 /* Sources */ = {
			isa = PBXSourcesBuildPhase;
			buildActionMask = 2147483647;
			files = (
				668309A92ACFFB8E001AC050 /* Demo_TODOUITests.swift in Sources */,
				668309AB2ACFFB8E001AC050 /* Demo_TODOUITestsLaunchTests.swift in Sources */,
			);
			runOnlyForDeploymentPostprocessing = 0;
		};
/* End PBXSourcesBuildPhase section */

/* Begin PBXTargetDependency section */
		6683099C2ACFFB8E001AC050 /* PBXTargetDependency */ = {
			isa = PBXTargetDependency;
			target = 668309872ACFFB8C001AC050 /* Demo_TODO */;
			targetProxy = 6683099B2ACFFB8E001AC050 /* PBXContainerItemProxy */;
		};
		668309A62ACFFB8E001AC050 /* PBXTargetDependency */ = {
			isa = PBXTargetDependency;
			target = 668309872ACFFB8C001AC050 /* Demo_TODO */;
			targetProxy = 668309A52ACFFB8E001AC050 /* PBXContainerItemProxy */;
		};
/* End PBXTargetDependency section */

/* Begin XCBuildConfiguration section */
		668309AC2ACFFB8E001AC050 /* Debug */ = {
			isa = XCBuildConfiguration;
			buildSettings = {
				ALWAYS_SEARCH_USER_PATHS = NO;
				ASSETCATALOG_COMPILER_GENERATE_SWIFT_ASSET_SYMBOL_EXTENSIONS = YES;
				CLANG_ANALYZER_NONNULL = YES;
				CLANG_ANALYZER_NUMBER_OBJECT_CONVERSION = YES_AGGRESSIVE;
				CLANG_CXX_LANGUAGE_STANDARD = "gnu++20";
				CLANG_ENABLE_MODULES = YES;
				CLANG_ENABLE_OBJC_ARC = YES;
				CLANG_ENABLE_OBJC_WEAK = YES;
				CLANG_WARN_BLOCK_CAPTURE_AUTORELEASING = YES;
				CLANG_WARN_BOOL_CONVERSION = YES;
				CLANG_WARN_COMMA = YES;
				CLANG_WARN_CONSTANT_CONVERSION = YES;
				CLANG_WARN_DEPRECATED_OBJC_IMPLEMENTATIONS = YES;
				CLANG_WARN_DIRECT_OBJC_ISA_USAGE = YES_ERROR;
				CLANG_WARN_DOCUMENTATION_COMMENTS = YES;
				CLANG_WARN_EMPTY_BODY = YES;
				CLANG_WARN_ENUM_CONVERSION = YES;
				CLANG_WARN_INFINITE_RECURSION = YES;
				CLANG_WARN_INT_CONVERSION = YES;
				CLANG_WARN_NON_LITERAL_NULL_CONVERSION = YES;
				CLANG_WARN_OBJC_IMPLICIT_RETAIN_SELF = YES;
				CLANG_WARN_OBJC_LITERAL_CONVERSION = YES;
				CLANG_WARN_OBJC_ROOT_CLASS = YES_ERROR;
				CLANG_WARN_QUOTED_INCLUDE_IN_FRAMEWORK_HEADER = YES;
				CLANG_WARN_RANGE_LOOP_ANALYSIS = YES;
				CLANG_WARN_STRICT_PROTOTYPES = YES;
				CLANG_WARN_SUSPICIOUS_MOVE = YES;
				CLANG_WARN_UNGUARDED_AVAILABILITY = YES_AGGRESSIVE;
				CLANG_WARN_UNREACHABLE_CODE = YES;
				CLANG_WARN__DUPLICATE_METHOD_MATCH = YES;
				COPY_PHASE_STRIP = NO;
				DEBUG_INFORMATION_FORMAT = dwarf;
				ENABLE_STRICT_OBJC_MSGSEND = YES;
				ENABLE_TESTABILITY = YES;
				ENABLE_USER_SCRIPT_SANDBOXING = YES;
				GCC_C_LANGUAGE_STANDARD = gnu17;
				GCC_DYNAMIC_NO_PIC = NO;
				GCC_NO_COMMON_BLOCKS = YES;
				GCC_OPTIMIZATION_LEVEL = 0;
				GCC_PREPROCESSOR_DEFINITIONS = (
					"DEBUG=1",
					"$(inherited)",
				);
				GCC_WARN_64_TO_32_BIT_CONVERSION = YES;
				GCC_WARN_ABOUT_RETURN_TYPE = YES_ERROR;
				GCC_WARN_UNDECLARED_SELECTOR = YES;
				GCC_WARN_UNINITIALIZED_AUTOS = YES_AGGRESSIVE;
				GCC_WARN_UNUSED_FUNCTION = YES;
				GCC_WARN_UNUSED_VARIABLE = YES;
				IPHONEOS_DEPLOYMENT_TARGET = 17.0;
				LOCALIZATION_PREFERS_STRING_CATALOGS = YES;
				MTL_ENABLE_DEBUG_INFO = INCLUDE_SOURCE;
				MTL_FAST_MATH = YES;
				ONLY_ACTIVE_ARCH = YES;
				SDKROOT = iphoneos;
				SWIFT_ACTIVE_COMPILATION_CONDITIONS = "DEBUG $(inherited)";
				SWIFT_OPTIMIZATION_LEVEL = "-Onone";
			};
			name = Debug;
		};
		668309AD2ACFFB8E001AC050 /* Release */ = {
			isa = XCBuildConfiguration;
			buildSettings = {
				ALWAYS_SEARCH_USER_PATHS = NO;
				ASSETCATALOG_COMPILER_GENERATE_SWIFT_ASSET_SYMBOL_EXTENSIONS = YES;
				CLANG_ANALYZER_NONNULL = YES;
				CLANG_ANALYZER_NUMBER_OBJECT_CONVERSION = YES_AGGRESSIVE;
				CLANG_CXX_LANGUAGE_STANDARD = "gnu++20";
				CLANG_ENABLE_MODULES = YES;
				CLANG_ENABLE_OBJC_ARC = YES;
				CLANG_ENABLE_OBJC_WEAK = YES;
				CLANG_WARN_BLOCK_CAPTURE_AUTORELEASING = YES;
				CLANG_WARN_BOOL_CONVERSION = YES;
				CLANG_WARN_COMMA = YES;
				CLANG_WARN_CONSTANT_CONVERSION = YES;
				CLANG_WARN_DEPRECATED_OBJC_IMPLEMENTATIONS = YES;
				CLANG_WARN_DIRECT_OBJC_ISA_USAGE = YES_ERROR;
				CLANG_WARN_DOCUMENTATION_COMMENTS = YES;
				CLANG_WARN_EMPTY_BODY = YES;
				CLANG_WARN_ENUM_CONVERSION = YES;
				CLANG_WARN_INFINITE_RECURSION = YES;
				CLANG_WARN_INT_CONVERSION = YES;
				CLANG_WARN_NON_LITERAL_NULL_CONVERSION = YES;
				CLANG_WARN_OBJC_IMPLICIT_RETAIN_SELF = YES;
				CLANG_WARN_OBJC_LITERAL_CONVERSION = YES;
				CLANG_WARN_OBJC_ROOT_CLASS = YES_ERROR;
				CLANG_WARN_QUOTED_INCLUDE_IN_FRAMEWORK_HEADER = YES;
				CLANG_WARN_RANGE_LOOP_ANALYSIS = YES;
				CLANG_WARN_STRICT_PROTOTYPES = YES;
				CLANG_WARN_SUSPICIOUS_MOVE = YES;
				CLANG_WARN_UNGUARDED_AVAILABILITY = YES_AGGRESSIVE;
				CLANG_WARN_UNREACHABLE_CODE = YES;
				CLANG_WARN__DUPLICATE_METHOD_MATCH = YES;
				COPY_PHASE_STRIP = NO;
				DEBUG_INFORMATION_FORMAT = "dwarf-with-dsym";
				ENABLE_NS_ASSERTIONS = NO;
				ENABLE_STRICT_OBJC_MSGSEND = YES;
				ENABLE_USER_SCRIPT_SANDBOXING = YES;
				GCC_C_LANGUAGE_STANDARD = gnu17;
				GCC_NO_COMMON_BLOCKS = YES;
				GCC_WARN_64_TO_32_BIT_CONVERSION = YES;
				GCC_WARN_ABOUT_RETURN_TYPE = YES_ERROR;
				GCC_WARN_UNDECLARED_SELECTOR = YES;
				GCC_WARN_UNINITIALIZED_AUTOS = YES_AGGRESSIVE;
				GCC_WARN_UNUSED_FUNCTION = YES;
				GCC_WARN_UNUSED_VARIABLE = YES;
				IPHONEOS_DEPLOYMENT_TARGET = 17.0;
				LOCALIZATION_PREFERS_STRING_CATALOGS = YES;
				MTL_ENABLE_DEBUG_INFO = NO;
				MTL_FAST_MATH = YES;
				SDKROOT = iphoneos;
				SWIFT_COMPILATION_MODE = wholemodule;
				VALIDATE_PRODUCT = YES;
			};
			name = Release;
		};
		668309AF2ACFFB8E001AC050 /* Debug */ = {
			isa = XCBuildConfiguration;
			buildSettings = {
				ASSETCATALOG_COMPILER_APPICON_NAME = AppIcon;
				ASSETCATALOG_COMPILER_GLOBAL_ACCENT_COLOR_NAME = AccentColor;
				CODE_SIGN_STYLE = Automatic;
				CURRENT_PROJECT_VERSION = 1;
				DEVELOPMENT_ASSET_PATHS = "\"Demo_TODO/Preview Content\"";
				ENABLE_PREVIEWS = YES;
				GENERATE_INFOPLIST_FILE = YES;
				INFOPLIST_KEY_UIApplicationSceneManifest_Generation = YES;
				INFOPLIST_KEY_UIApplicationSupportsIndirectInputEvents = YES;
				INFOPLIST_KEY_UILaunchScreen_Generation = YES;
				INFOPLIST_KEY_UISupportedInterfaceOrientations_iPad = "UIInterfaceOrientationPortrait UIInterfaceOrientationPortraitUpsideDown UIInterfaceOrientationLandscapeLeft UIInterfaceOrientationLandscapeRight";
				INFOPLIST_KEY_UISupportedInterfaceOrientations_iPhone = "UIInterfaceOrientationPortrait UIInterfaceOrientationLandscapeLeft UIInterfaceOrientationLandscapeRight";
				LD_RUNPATH_SEARCH_PATHS = (
					"$(inherited)",
					"@executable_path/Frameworks",
				);
				MARKETING_VERSION = 1.0;
				PRODUCT_BUNDLE_IDENTIFIER = "Coredata.Demo-TODO";
				PRODUCT_NAME = "$(TARGET_NAME)";
				SWIFT_EMIT_LOC_STRINGS = YES;
				SWIFT_VERSION = 5.0;
				TARGETED_DEVICE_FAMILY = "1,2";
			};
			name = Debug;
		};
		668309B02ACFFB8E001AC050 /* Release */ = {
			isa = XCBuildConfiguration;
			buildSettings = {
				ASSETCATALOG_COMPILER_APPICON_NAME = AppIcon;
				ASSETCATALOG_COMPILER_GLOBAL_ACCENT_COLOR_NAME = AccentColor;
				CODE_SIGN_STYLE = Automatic;
				CURRENT_PROJECT_VERSION = 1;
				DEVELOPMENT_ASSET_PATHS = "\"Demo_TODO/Preview Content\"";
				ENABLE_PREVIEWS = YES;
				GENERATE_INFOPLIST_FILE = YES;
				INFOPLIST_KEY_UIApplicationSceneManifest_Generation = YES;
				INFOPLIST_KEY_UIApplicationSupportsIndirectInputEvents = YES;
				INFOPLIST_KEY_UILaunchScreen_Generation = YES;
				INFOPLIST_KEY_UISupportedInterfaceOrientations_iPad = "UIInterfaceOrientationPortrait UIInterfaceOrientationPortraitUpsideDown UIInterfaceOrientationLandscapeLeft UIInterfaceOrientationLandscapeRight";
				INFOPLIST_KEY_UISupportedInterfaceOrientations_iPhone = "UIInterfaceOrientationPortrait UIInterfaceOrientationLandscapeLeft UIInterfaceOrientationLandscapeRight";
				LD_RUNPATH_SEARCH_PATHS = (
					"$(inherited)",
					"@executable_path/Frameworks",
				);
				MARKETING_VERSION = 1.0;
				PRODUCT_BUNDLE_IDENTIFIER = "Coredata.Demo-TODO";
				PRODUCT_NAME = "$(TARGET_NAME)";
				SWIFT_EMIT_LOC_STRINGS = YES;
				SWIFT_VERSION = 5.0;
				TARGETED_DEVICE_FAMILY = "1,2";
			};
			name = Release;
		};
		668309B22ACFFB8E001AC050 /* Debug */ = {
			isa = XCBuildConfiguration;
			buildSettings = {
				ALWAYS_EMBED_SWIFT_STANDARD_LIBRARIES = YES;
				BUNDLE_LOADER = "$(TEST_HOST)";
				CODE_SIGN_STYLE = Automatic;
				CURRENT_PROJECT_VERSION = 1;
				GENERATE_INFOPLIST_FILE = YES;
				IPHONEOS_DEPLOYMENT_TARGET = 17.0;
				MARKETING_VERSION = 1.0;
				PRODUCT_BUNDLE_IDENTIFIER = "Coredata.Demo-TODOTests";
				PRODUCT_NAME = "$(TARGET_NAME)";
				SWIFT_EMIT_LOC_STRINGS = NO;
				SWIFT_VERSION = 5.0;
				TARGETED_DEVICE_FAMILY = "1,2";
				TEST_HOST = "$(BUILT_PRODUCTS_DIR)/Demo_TODO.app/$(BUNDLE_EXECUTABLE_FOLDER_PATH)/Demo_TODO";
			};
			name = Debug;
		};
		668309B32ACFFB8E001AC050 /* Release */ = {
			isa = XCBuildConfiguration;
			buildSettings = {
				ALWAYS_EMBED_SWIFT_STANDARD_LIBRARIES = YES;
				BUNDLE_LOADER = "$(TEST_HOST)";
				CODE_SIGN_STYLE = Automatic;
				CURRENT_PROJECT_VERSION = 1;
				GENERATE_INFOPLIST_FILE = YES;
				IPHONEOS_DEPLOYMENT_TARGET = 17.0;
				MARKETING_VERSION = 1.0;
				PRODUCT_BUNDLE_IDENTIFIER = "Coredata.Demo-TODOTests";
				PRODUCT_NAME = "$(TARGET_NAME)";
				SWIFT_EMIT_LOC_STRINGS = NO;
				SWIFT_VERSION = 5.0;
				TARGETED_DEVICE_FAMILY = "1,2";
				TEST_HOST = "$(BUILT_PRODUCTS_DIR)/Demo_TODO.app/$(BUNDLE_EXECUTABLE_FOLDER_PATH)/Demo_TODO";
			};
			name = Release;
		};
		668309B52ACFFB8E001AC050 /* Debug */ = {
			isa = XCBuildConfiguration;
			buildSettings = {
				ALWAYS_EMBED_SWIFT_STANDARD_LIBRARIES = YES;
				CODE_SIGN_STYLE = Automatic;
				CURRENT_PROJECT_VERSION = 1;
				GENERATE_INFOPLIST_FILE = YES;
				MARKETING_VERSION = 1.0;
				PRODUCT_BUNDLE_IDENTIFIER = "Coredata.Demo-TODOUITests";
				PRODUCT_NAME = "$(TARGET_NAME)";
				SWIFT_EMIT_LOC_STRINGS = NO;
				SWIFT_VERSION = 5.0;
				TARGETED_DEVICE_FAMILY = "1,2";
				TEST_TARGET_NAME = Demo_TODO;
			};
			name = Debug;
		};
		668309B62ACFFB8E001AC050 /* Release */ = {
			isa = XCBuildConfiguration;
			buildSettings = {
				ALWAYS_EMBED_SWIFT_STANDARD_LIBRARIES = YES;
				CODE_SIGN_STYLE = Automatic;
				CURRENT_PROJECT_VERSION = 1;
				GENERATE_INFOPLIST_FILE = YES;
				MARKETING_VERSION = 1.0;
				PRODUCT_BUNDLE_IDENTIFIER = "Coredata.Demo-TODOUITests";
				PRODUCT_NAME = "$(TARGET_NAME)";
				SWIFT_EMIT_LOC_STRINGS = NO;
				SWIFT_VERSION = 5.0;
				TARGETED_DEVICE_FAMILY = "1,2";
				TEST_TARGET_NAME = Demo_TODO;
			};
			name = Release;
		};
/* End XCBuildConfiguration section */

/* Begin XCConfigurationList section */
		668309832ACFFB8C001AC050 /* Build configuration list for PBXProject "Demo_TODO" */ = {
			isa = XCConfigurationList;
			buildConfigurations = (
				668309AC2ACFFB8E001AC050 /* Debug */,
				668309AD2ACFFB8E001AC050 /* Release */,
			);
			defaultConfigurationIsVisible = 0;
			defaultConfigurationName = Release;
		};
		668309AE2ACFFB8E001AC050 /* Build configuration list for PBXNativeTarget "Demo_TODO" */ = {
			isa = XCConfigurationList;
			buildConfigurations = (
				668309AF2ACFFB8E001AC050 /* Debug */,
				668309B02ACFFB8E001AC050 /* Release */,
			);
			defaultConfigurationIsVisible = 0;
			defaultConfigurationName = Release;
		};
		668309B12ACFFB8E001AC050 /* Build configuration list for PBXNativeTarget "Demo_TODOTests" */ = {
			isa = XCConfigurationList;
			buildConfigurations = (
				668309B22ACFFB8E001AC050 /* Debug */,
				668309B32ACFFB8E001AC050 /* Release */,
			);
			defaultConfigurationIsVisible = 0;
			defaultConfigurationName = Release;
		};
		668309B42ACFFB8E001AC050 /* Build configuration list for PBXNativeTarget "Demo_TODOUITests" */ = {
			isa = XCConfigurationList;
			buildConfigurations = (
				668309B52ACFFB8E001AC050 /* Debug */,
				668309B62ACFFB8E001AC050 /* Release */,
			);
			defaultConfigurationIsVisible = 0;
			defaultConfigurationName = Release;
		};
/* End XCConfigurationList section */
	};
	rootObject = 668309802ACFFB8C001AC050 /* Project object */;
}
